
Microsoft Visual Studio Solution File, Format Version 12.00
# Visual Studio Version 17
VisualStudioVersion = 17.0.31903.59
MinimumVisualStudioVersion = 10.0.40219.1
Project("{FAE04EC0-301F-11D3-BF4B-00C04F79EFBC}") = "Domain", "Domain\Domain.csproj", "{4FF97A40-B723-4F5B-879E-D68C3DB64FBD}"
EndProject
Project("{FAE04EC0-301F-11D3-BF4B-00C04F79EFBC}") = "Infrastructure", "Infrastructure\Infrastructure.csproj", "{2295DAC4-EF37-4B18-B55C-FF6C300B2FA7}"
EndProject
Project("{FAE04EC0-301F-11D3-BF4B-00C04F79EFBC}") = "WebApi", "WebApi\WebApi.csproj", "{5933C305-DD08-4B8D-AAD9-20235EF49546}"
EndProject
Project("{FAE04EC0-301F-11D3-BF4B-00C04F79EFBC}") = "RazorApp", "RazorApp\RazorApp.csproj", "{9CE1B5AD-1DC4-4E82-AFD6-B6F376E5FCD8}"
EndProject
Project("{FAE04EC0-301F-11D3-BF4B-00C04F79EFBC}") = "BlazorApp", "BlazorApp\BlazorApp.csproj", "{8E883AAB-FD02-4483-9506-28015EC74E4A}"
EndProject
Global
	GlobalSection(SolutionConfigurationPlatforms) = preSolution
		Debug|Any CPU = Debug|Any CPU
		Release|Any CPU = Release|Any CPU
	EndGlobalSection
	GlobalSection(SolutionProperties) = preSolution
		HideSolutionNode = FALSE
	EndGlobalSection
	GlobalSection(ProjectConfigurationPlatforms) = postSolution
		{4FF97A40-B723-4F5B-879E-D68C3DB64FBD}.Debug|Any CPU.ActiveCfg = Debug|Any CPU
		{4FF97A40-B723-4F5B-879E-D68C3DB64FBD}.Debug|Any CPU.Build.0 = Debug|Any CPU
		{4FF97A40-B723-4F5B-879E-D68C3DB64FBD}.Release|Any CPU.ActiveCfg = Release|Any CPU
		{4FF97A40-B723-4F5B-879E-D68C3DB64FBD}.Release|Any CPU.Build.0 = Release|Any CPU
		{2295DAC4-EF37-4B18-B55C-FF6C300B2FA7}.Debug|Any CPU.ActiveCfg = Debug|Any CPU
		{2295DAC4-EF37-4B18-B55C-FF6C300B2FA7}.Debug|Any CPU.Build.0 = Debug|Any CPU
		{2295DAC4-EF37-4B18-B55C-FF6C300B2FA7}.Release|Any CPU.ActiveCfg = Release|Any CPU
		{2295DAC4-EF37-4B18-B55C-FF6C300B2FA7}.Release|Any CPU.Build.0 = Release|Any CPU
		{5933C305-DD08-4B8D-AAD9-20235EF49546}.Debug|Any CPU.ActiveCfg = Debug|Any CPU
		{5933C305-DD08-4B8D-AAD9-20235EF49546}.Debug|Any CPU.Build.0 = Debug|Any CPU
		{5933C305-DD08-4B8D-AAD9-20235EF49546}.Release|Any CPU.ActiveCfg = Release|Any CPU
		{5933C305-DD08-4B8D-AAD9-20235EF49546}.Release|Any CPU.Build.0 = Release|Any CPU
		{9CE1B5AD-1DC4-4E82-AFD6-B6F376E5FCD8}.Debug|Any CPU.ActiveCfg = Debug|Any CPU
		{9CE1B5AD-1DC4-4E82-AFD6-B6F376E5FCD8}.Debug|Any CPU.Build.0 = Debug|Any CPU
		{9CE1B5AD-1DC4-4E82-AFD6-B6F376E5FCD8}.Release|Any CPU.ActiveCfg = Release|Any CPU
		{9CE1B5AD-1DC4-4E82-AFD6-B6F376E5FCD8}.Release|Any CPU.Build.0 = Release|Any CPU
		{8E883AAB-FD02-4483-9506-28015EC74E4A}.Debug|Any CPU.ActiveCfg = Debug|Any CPU
		{8E883AAB-FD02-4483-9506-28015EC74E4A}.Debug|Any CPU.Build.0 = Debug|Any CPU
		{8E883AAB-FD02-4483-9506-28015EC74E4A}.Release|Any CPU.ActiveCfg = Release|Any CPU
		{8E883AAB-FD02-4483-9506-28015EC74E4A}.Release|Any CPU.Build.0 = Release|Any CPU
	EndGlobalSection
EndGlobal
